
Microsoft Visual Studio Solution File, Format Version 12.00
# Visual Studio Version 17
VisualStudioVersion = 17.12.35527.113 d17.12
MinimumVisualStudioVersion = 10.0.40219.1
Project("{FAE04EC0-301F-11D3-BF4B-00C04F79EFBC}") = "BillStock", "BillStock\BillStock.csproj", "{D629D60E-37C8-4A6E-BB16-36DAC2A84AFF}"
EndProject
Global
	GlobalSection(SolutionConfigurationPlatforms) = preSolution
		Debug|Any CPU = Debug|Any CPU
		Release|Any CPU = Release|Any CPU
	EndGlobalSection
	GlobalSection(ProjectConfigurationPlatforms) = postSolution
		{D629D60E-37C8-4A6E-BB16-36DAC2A84AFF}.Debug|Any CPU.ActiveCfg = Debug|Any CPU
		{D629D60E-37C8-4A6E-BB16-36DAC2A84AFF}.Debug|Any CPU.Build.0 = Debug|Any CPU
		{D629D60E-37C8-4A6E-BB16-36DAC2A84AFF}.Release|Any CPU.ActiveCfg = Release|Any CPU
		{D629D60E-37C8-4A6E-BB16-36DAC2A84AFF}.Release|Any CPU.Build.0 = Release|Any CPU
	EndGlobalSection
	GlobalSection(SolutionProperties) = preSolution
		HideSolutionNode = FALSE
	EndGlobalSection
EndGlobal
